// !$*UTF8*$!
{
	archiveVersion = 1;
	classes = {
	};
	objectVersion = 50;
	objects = {

/* Begin PBXBuildFile section */
		3A2FB97D20FA8B4500AF6592 /* Cell.swift in Sources */ = {isa = PBXBuildFile; fileRef = 3A2FB97C20FA8B4500AF6592 /* Cell.swift */; };
		3A2FB97F20FA8EDF00AF6592 /* TetrisManager.swift in Sources */ = {isa = PBXBuildFile; fileRef = 3A2FB97E20FA8EDE00AF6592 /* TetrisManager.swift */; };
		3A2FB98120FA9A3300AF6592 /* TextureAtlasController.swift in Sources */ = {isa = PBXBuildFile; fileRef = 3A2FB98020FA9A3300AF6592 /* TextureAtlasController.swift */; };
		3A2FB98320FAA1A200AF6592 /* TetrisAPI.swift in Sources */ = {isa = PBXBuildFile; fileRef = 3A2FB98220FAA1A200AF6592 /* TetrisAPI.swift */; };
		3A2FB98520FABE6400AF6592 /* NSImage+Resized.swift in Sources */ = {isa = PBXBuildFile; fileRef = 3A2FB98420FABE6400AF6592 /* NSImage+Resized.swift */; };
		3A2FB98720FADE6A00AF6592 /* KeyController.swift in Sources */ = {isa = PBXBuildFile; fileRef = 3A2FB98620FADE6A00AF6592 /* KeyController.swift */; };
		3A5F13DF20FA78B900A43C21 /* AppDelegate.swift in Sources */ = {isa = PBXBuildFile; fileRef = 3A5F13DE20FA78B900A43C21 /* AppDelegate.swift */; };
		3A5F13E120FA78B900A43C21 /* GameScene.sks in Resources */ = {isa = PBXBuildFile; fileRef = 3A5F13E020FA78B900A43C21 /* GameScene.sks */; };
		3A5F13E320FA78B900A43C21 /* Actions.sks in Resources */ = {isa = PBXBuildFile; fileRef = 3A5F13E220FA78B900A43C21 /* Actions.sks */; };
		3A5F13E520FA78B900A43C21 /* Scene.swift in Sources */ = {isa = PBXBuildFile; fileRef = 3A5F13E420FA78B900A43C21 /* Scene.swift */; };
		3A5F13E720FA78B900A43C21 /* ViewController.swift in Sources */ = {isa = PBXBuildFile; fileRef = 3A5F13E620FA78B900A43C21 /* ViewController.swift */; };
		3A5F13E920FA78BA00A43C21 /* Assets.xcassets in Resources */ = {isa = PBXBuildFile; fileRef = 3A5F13E820FA78BA00A43C21 /* Assets.xcassets */; };
		3A5F13EC20FA78BA00A43C21 /* Main.storyboard in Resources */ = {isa = PBXBuildFile; fileRef = 3A5F13EA20FA78BA00A43C21 /* Main.storyboard */; };
		3A5F13F620FA7D9E00A43C21 /* main.swift in Sources */ = {isa = PBXBuildFile; fileRef = 3A5F13F520FA7D9E00A43C21 /* main.swift */; };
		3A5F13F820FA80D400A43C21 /* 2009 Tetris Design Guideline.pdf in Resources */ = {isa = PBXBuildFile; fileRef = 3A5F13F720FA80D400A43C21 /* 2009 Tetris Design Guideline.pdf */; };
		3A5F13FA20FA843100A43C21 /* Matrix.swift in Sources */ = {isa = PBXBuildFile; fileRef = 3A5F13F920FA843100A43C21 /* Matrix.swift */; };
		3AAD3FE220FB8D6900D9EEDB /* Shape.swift in Sources */ = {isa = PBXBuildFile; fileRef = 3AAD3FE120FB8D6900D9EEDB /* Shape.swift */; };
		3AB47A2620FBFCF000779E6D /* Tetromino.swift in Sources */ = {isa = PBXBuildFile; fileRef = 3AB47A2520FBFCF000779E6D /* Tetromino.swift */; };
		3AB47A2820FC00B800779E6D /* Tetrominos.swift in Sources */ = {isa = PBXBuildFile; fileRef = 3AB47A2720FC00B800779E6D /* Tetrominos.swift */; };
		7769072F20FBBE70003F4C57 /* Shapes.swift in Sources */ = {isa = PBXBuildFile; fileRef = 7769072E20FBBE70003F4C57 /* Shapes.swift */; };
		77A2983D2101330800E30011 /* RotationSystem.swift in Sources */ = {isa = PBXBuildFile; fileRef = 77A2983C2101330800E30011 /* RotationSystem.swift */; };
		77A2983F2102AEDC00E30011 /* Scoring.swift in Sources */ = {isa = PBXBuildFile; fileRef = 77A2983E2102AEDC00E30011 /* Scoring.swift */; };
		77D1D1262105259100CBB46A /* Ghostpiece.swift in Sources */ = {isa = PBXBuildFile; fileRef = 77D1D1252105259100CBB46A /* Ghostpiece.swift */; };
/* End PBXBuildFile section */

/* Begin PBXFileReference section */
		3A2FB97C20FA8B4500AF6592 /* Cell.swift */ = {isa = PBXFileReference; lastKnownFileType = sourcecode.swift; path = Cell.swift; sourceTree = "<group>"; };
		3A2FB97E20FA8EDE00AF6592 /* TetrisManager.swift */ = {isa = PBXFileReference; lastKnownFileType = sourcecode.swift; path = TetrisManager.swift; sourceTree = "<group>"; };
		3A2FB98020FA9A3300AF6592 /* TextureAtlasController.swift */ = {isa = PBXFileReference; lastKnownFileType = sourcecode.swift; path = TextureAtlasController.swift; sourceTree = "<group>"; };
		3A2FB98220FAA1A200AF6592 /* TetrisAPI.swift */ = {isa = PBXFileReference; lastKnownFileType = sourcecode.swift; path = TetrisAPI.swift; sourceTree = "<group>"; };
		3A2FB98420FABE6400AF6592 /* NSImage+Resized.swift */ = {isa = PBXFileReference; lastKnownFileType = sourcecode.swift; path = "NSImage+Resized.swift"; sourceTree = "<group>"; };
		3A2FB98620FADE6A00AF6592 /* KeyController.swift */ = {isa = PBXFileReference; lastKnownFileType = sourcecode.swift; path = KeyController.swift; sourceTree = "<group>"; };
		3A5F13DB20FA78B900A43C21 /* Tetris.app */ = {isa = PBXFileReference; explicitFileType = wrapper.application; includeInIndex = 0; path = Tetris.app; sourceTree = BUILT_PRODUCTS_DIR; };
		3A5F13DE20FA78B900A43C21 /* AppDelegate.swift */ = {isa = PBXFileReference; lastKnownFileType = sourcecode.swift; path = AppDelegate.swift; sourceTree = "<group>"; };
		3A5F13E020FA78B900A43C21 /* GameScene.sks */ = {isa = PBXFileReference; lastKnownFileType = file.sks; path = GameScene.sks; sourceTree = "<group>"; };
		3A5F13E220FA78B900A43C21 /* Actions.sks */ = {isa = PBXFileReference; lastKnownFileType = file.sks; path = Actions.sks; sourceTree = "<group>"; };
		3A5F13E420FA78B900A43C21 /* Scene.swift */ = {isa = PBXFileReference; lastKnownFileType = sourcecode.swift; path = Scene.swift; sourceTree = "<group>"; };
		3A5F13E620FA78B900A43C21 /* ViewController.swift */ = {isa = PBXFileReference; lastKnownFileType = sourcecode.swift; path = ViewController.swift; sourceTree = "<group>"; };
		3A5F13E820FA78BA00A43C21 /* Assets.xcassets */ = {isa = PBXFileReference; lastKnownFileType = folder.assetcatalog; path = Assets.xcassets; sourceTree = "<group>"; };
		3A5F13EB20FA78BA00A43C21 /* Base */ = {isa = PBXFileReference; lastKnownFileType = file.storyboard; name = Base; path = Base.lproj/Main.storyboard; sourceTree = "<group>"; };
		3A5F13ED20FA78BA00A43C21 /* Info.plist */ = {isa = PBXFileReference; lastKnownFileType = text.plist.xml; path = Info.plist; sourceTree = "<group>"; };
		3A5F13EE20FA78BA00A43C21 /* Tetris.entitlements */ = {isa = PBXFileReference; lastKnownFileType = text.plist.entitlements; path = Tetris.entitlements; sourceTree = "<group>"; };
		3A5F13F520FA7D9E00A43C21 /* main.swift */ = {isa = PBXFileReference; lastKnownFileType = sourcecode.swift; path = main.swift; sourceTree = "<group>"; };
		3A5F13F720FA80D400A43C21 /* 2009 Tetris Design Guideline.pdf */ = {isa = PBXFileReference; lastKnownFileType = image.pdf; path = "2009 Tetris Design Guideline.pdf"; sourceTree = "<group>"; };
		3A5F13F920FA843100A43C21 /* Matrix.swift */ = {isa = PBXFileReference; lastKnownFileType = sourcecode.swift; path = Matrix.swift; sourceTree = "<group>"; };
		3AAD3FE120FB8D6900D9EEDB /* Shape.swift */ = {isa = PBXFileReference; lastKnownFileType = sourcecode.swift; path = Shape.swift; sourceTree = "<group>"; };
		3AB47A2520FBFCF000779E6D /* Tetromino.swift */ = {isa = PBXFileReference; lastKnownFileType = sourcecode.swift; path = Tetromino.swift; sourceTree = "<group>"; };
		3AB47A2720FC00B800779E6D /* Tetrominos.swift */ = {isa = PBXFileReference; lastKnownFileType = sourcecode.swift; path = Tetrominos.swift; sourceTree = "<group>"; };
		7769072E20FBBE70003F4C57 /* Shapes.swift */ = {isa = PBXFileReference; lastKnownFileType = sourcecode.swift; path = Shapes.swift; sourceTree = "<group>"; };
		77A2983C2101330800E30011 /* RotationSystem.swift */ = {isa = PBXFileReference; lastKnownFileType = sourcecode.swift; path = RotationSystem.swift; sourceTree = "<group>"; };
		77A2983E2102AEDC00E30011 /* Scoring.swift */ = {isa = PBXFileReference; lastKnownFileType = sourcecode.swift; path = Scoring.swift; sourceTree = "<group>"; };
		77D1D1252105259100CBB46A /* Ghostpiece.swift */ = {isa = PBXFileReference; lastKnownFileType = sourcecode.swift; path = Ghostpiece.swift; sourceTree = "<group>"; };
/* End PBXFileReference section */

/* Begin PBXFrameworksBuildPhase section */
		3A5F13D820FA78B900A43C21 /* Frameworks */ = {
			isa = PBXFrameworksBuildPhase;
			buildActionMask = 2147483647;
			files = (
			);
			runOnlyForDeploymentPostprocessing = 0;
		};
/* End PBXFrameworksBuildPhase section */

/* Begin PBXGroup section */
		3A5F13D220FA78B900A43C21 = {
			isa = PBXGroup;
			children = (
				3A5F13DD20FA78B900A43C21 /* Tetris */,
				3A5F13DC20FA78B900A43C21 /* Products */,
			);
			sourceTree = "<group>";
		};
		3A5F13DC20FA78B900A43C21 /* Products */ = {
			isa = PBXGroup;
			children = (
				3A5F13DB20FA78B900A43C21 /* Tetris.app */,
			);
			name = Products;
			sourceTree = "<group>";
		};
		3A5F13DD20FA78B900A43C21 /* Tetris */ = {
			isa = PBXGroup;
			children = (
				3A5F13E820FA78BA00A43C21 /* Assets.xcassets */,
				3A5F13F720FA80D400A43C21 /* 2009 Tetris Design Guideline.pdf */,
				3A5F13F520FA7D9E00A43C21 /* main.swift */,
				3AAD3FE120FB8D6900D9EEDB /* Shape.swift */,
				7769072E20FBBE70003F4C57 /* Shapes.swift */,
				3AB47A2520FBFCF000779E6D /* Tetromino.swift */,
				3AB47A2720FC00B800779E6D /* Tetrominos.swift */,
				77A2983C2101330800E30011 /* RotationSystem.swift */,
				77A2983E2102AEDC00E30011 /* Scoring.swift */,
				77D1D1252105259100CBB46A /* Ghostpiece.swift */,
				3A5F13F420FA7D5A00A43C21 /* Secret Dad Stuff */,
			);
			path = Tetris;
			sourceTree = "<group>";
		};
		3A5F13F420FA7D5A00A43C21 /* Secret Dad Stuff */ = {
			isa = PBXGroup;
			children = (
				3A2FB98220FAA1A200AF6592 /* TetrisAPI.swift */,
				3A5F13DE20FA78B900A43C21 /* AppDelegate.swift */,
				3A5F13E620FA78B900A43C21 /* ViewController.swift */,
				3A2FB97E20FA8EDE00AF6592 /* TetrisManager.swift */,
				3A5F13E420FA78B900A43C21 /* Scene.swift */,
				3A5F13F920FA843100A43C21 /* Matrix.swift */,
				3A2FB97C20FA8B4500AF6592 /* Cell.swift */,
				3A2FB98020FA9A3300AF6592 /* TextureAtlasController.swift */,
				3A2FB98620FADE6A00AF6592 /* KeyController.swift */,
				3A2FB98420FABE6400AF6592 /* NSImage+Resized.swift */,
				3A5F13EA20FA78BA00A43C21 /* Main.storyboard */,
				3A5F13E020FA78B900A43C21 /* GameScene.sks */,
				3A5F13E220FA78B900A43C21 /* Actions.sks */,
				3A5F13ED20FA78BA00A43C21 /* Info.plist */,
				3A5F13EE20FA78BA00A43C21 /* Tetris.entitlements */,
			);
			path = "Secret Dad Stuff";
			sourceTree = "<group>";
		};
/* End PBXGroup section */

/* Begin PBXNativeTarget section */
		3A5F13DA20FA78B900A43C21 /* Tetris */ = {
			isa = PBXNativeTarget;
			buildConfigurationList = 3A5F13F120FA78BA00A43C21 /* Build configuration list for PBXNativeTarget "Tetris" */;
			buildPhases = (
				3A5F13D720FA78B900A43C21 /* Sources */,
				3A5F13D820FA78B900A43C21 /* Frameworks */,
				3A5F13D920FA78B900A43C21 /* Resources */,
			);
			buildRules = (
			);
			dependencies = (
			);
			name = Tetris;
			productName = Tetris;
			productReference = 3A5F13DB20FA78B900A43C21 /* Tetris.app */;
			productType = "com.apple.product-type.application";
		};
/* End PBXNativeTarget section */

/* Begin PBXProject section */
		3A5F13D320FA78B900A43C21 /* Project object */ = {
			isa = PBXProject;
			attributes = {
				LastSwiftUpdateCheck = 0940;
				LastUpgradeCheck = 0940;
				ORGANIZATIONNAME = "Retroactive Fiasco";
				TargetAttributes = {
					3A5F13DA20FA78B900A43C21 = {
						CreatedOnToolsVersion = 9.4.1;
					};
				};
			};
			buildConfigurationList = 3A5F13D620FA78B900A43C21 /* Build configuration list for PBXProject "Tetris" */;
			compatibilityVersion = "Xcode 9.3";
			developmentRegion = en;
			hasScannedForEncodings = 0;
			knownRegions = (
				en,
				Base,
			);
			mainGroup = 3A5F13D220FA78B900A43C21;
			productRefGroup = 3A5F13DC20FA78B900A43C21 /* Products */;
			projectDirPath = "";
			projectRoot = "";
			targets = (
				3A5F13DA20FA78B900A43C21 /* Tetris */,
			);
		};
/* End PBXProject section */

/* Begin PBXResourcesBuildPhase section */
		3A5F13D920FA78B900A43C21 /* Resources */ = {
			isa = PBXResourcesBuildPhase;
			buildActionMask = 2147483647;
			files = (
				3A5F13E120FA78B900A43C21 /* GameScene.sks in Resources */,
				3A5F13E920FA78BA00A43C21 /* Assets.xcassets in Resources */,
				3A5F13E320FA78B900A43C21 /* Actions.sks in Resources */,
				3A5F13EC20FA78BA00A43C21 /* Main.storyboard in Resources */,
				3A5F13F820FA80D400A43C21 /* 2009 Tetris Design Guideline.pdf in Resources */,
			);
			runOnlyForDeploymentPostprocessing = 0;
		};
/* End PBXResourcesBuildPhase section */

/* Begin PBXSourcesBuildPhase section */
		3A5F13D720FA78B900A43C21 /* Sources */ = {
			isa = PBXSourcesBuildPhase;
			buildActionMask = 2147483647;
			files = (
				3A2FB98320FAA1A200AF6592 /* TetrisAPI.swift in Sources */,
				3A2FB98520FABE6400AF6592 /* NSImage+Resized.swift in Sources */,
				3A5F13E720FA78B900A43C21 /* ViewController.swift in Sources */,
				3A5F13FA20FA843100A43C21 /* Matrix.swift in Sources */,
				77A2983D2101330800E30011 /* RotationSystem.swift in Sources */,
				3A5F13E520FA78B900A43C21 /* Scene.swift in Sources */,
				77D1D1262105259100CBB46A /* Ghostpiece.swift in Sources */,
				3A2FB98120FA9A3300AF6592 /* TextureAtlasController.swift in Sources */,
				77A2983F2102AEDC00E30011 /* Scoring.swift in Sources */,
				3A2FB97F20FA8EDF00AF6592 /* TetrisManager.swift in Sources */,
				3AAD3FE220FB8D6900D9EEDB /* Shape.swift in Sources */,
				3A5F13F620FA7D9E00A43C21 /* main.swift in Sources */,
				3A5F13DF20FA78B900A43C21 /* AppDelegate.swift in Sources */,
				7769072F20FBBE70003F4C57 /* Shapes.swift in Sources */,
				3A2FB98720FADE6A00AF6592 /* KeyController.swift in Sources */,
				3A2FB97D20FA8B4500AF6592 /* Cell.swift in Sources */,
				3AB47A2820FC00B800779E6D /* Tetrominos.swift in Sources */,
				3AB47A2620FBFCF000779E6D /* Tetromino.swift in Sources */,
			);
			runOnlyForDeploymentPostprocessing = 0;
		};
/* End PBXSourcesBuildPhase section */

/* Begin PBXVariantGroup section */
		3A5F13EA20FA78BA00A43C21 /* Main.storyboard */ = {
			isa = PBXVariantGroup;
			children = (
				3A5F13EB20FA78BA00A43C21 /* Base */,
			);
			name = Main.storyboard;
			sourceTree = "<group>";
		};
/* End PBXVariantGroup section */

/* Begin XCBuildConfiguration section */
		3A5F13EF20FA78BA00A43C21 /* Debug */ = {
			isa = XCBuildConfiguration;
			buildSettings = {
				ALWAYS_SEARCH_USER_PATHS = NO;
				CLANG_ANALYZER_NONNULL = YES;
				CLANG_ANALYZER_NUMBER_OBJECT_CONVERSION = YES_AGGRESSIVE;
				CLANG_CXX_LANGUAGE_STANDARD = "gnu++14";
				CLANG_CXX_LIBRARY = "libc++";
				CLANG_ENABLE_MODULES = YES;
				CLANG_ENABLE_OBJC_ARC = YES;
				CLANG_ENABLE_OBJC_WEAK = YES;
				CLANG_WARN_BLOCK_CAPTURE_AUTORELEASING = YES;
				CLANG_WARN_BOOL_CONVERSION = YES;
				CLANG_WARN_COMMA = YES;
				CLANG_WARN_CONSTANT_CONVERSION = YES;
				CLANG_WARN_DEPRECATED_OBJC_IMPLEMENTATIONS = YES;
				CLANG_WARN_DIRECT_OBJC_ISA_USAGE = YES_ERROR;
				CLANG_WARN_DOCUMENTATION_COMMENTS = YES;
				CLANG_WARN_EMPTY_BODY = YES;
				CLANG_WARN_ENUM_CONVERSION = YES;
				CLANG_WARN_INFINITE_RECURSION = YES;
				CLANG_WARN_INT_CONVERSION = YES;
				CLANG_WARN_NON_LITERAL_NULL_CONVERSION = YES;
				CLANG_WARN_OBJC_IMPLICIT_RETAIN_SELF = YES;
				CLANG_WARN_OBJC_LITERAL_CONVERSION = YES;
				CLANG_WARN_OBJC_ROOT_CLASS = YES_ERROR;
				CLANG_WARN_RANGE_LOOP_ANALYSIS = YES;
				CLANG_WARN_STRICT_PROTOTYPES = YES;
				CLANG_WARN_SUSPICIOUS_MOVE = YES;
				CLANG_WARN_UNGUARDED_AVAILABILITY = YES_AGGRESSIVE;
				CLANG_WARN_UNREACHABLE_CODE = YES;
				CLANG_WARN__DUPLICATE_METHOD_MATCH = YES;
				CODE_SIGN_IDENTITY = "Mac Developer";
				COPY_PHASE_STRIP = NO;
				DEBUG_INFORMATION_FORMAT = dwarf;
				ENABLE_STRICT_OBJC_MSGSEND = YES;
				ENABLE_TESTABILITY = YES;
				GCC_C_LANGUAGE_STANDARD = gnu11;
				GCC_DYNAMIC_NO_PIC = NO;
				GCC_NO_COMMON_BLOCKS = YES;
				GCC_OPTIMIZATION_LEVEL = 0;
				GCC_PREPROCESSOR_DEFINITIONS = (
					"DEBUG=1",
					"$(inherited)",
				);
				GCC_WARN_64_TO_32_BIT_CONVERSION = YES;
				GCC_WARN_ABOUT_RETURN_TYPE = YES_ERROR;
				GCC_WARN_UNDECLARED_SELECTOR = YES;
				GCC_WARN_UNINITIALIZED_AUTOS = YES_AGGRESSIVE;
				GCC_WARN_UNUSED_FUNCTION = YES;
				GCC_WARN_UNUSED_VARIABLE = YES;
				MACOSX_DEPLOYMENT_TARGET = 10.13;
				MTL_ENABLE_DEBUG_INFO = YES;
				ONLY_ACTIVE_ARCH = YES;
				SDKROOT = macosx;
				SWIFT_ACTIVE_COMPILATION_CONDITIONS = DEBUG;
				SWIFT_OPTIMIZATION_LEVEL = "-Onone";
			};
			name = Debug;
		};
		3A5F13F020FA78BA00A43C21 /* Release */ = {
			isa = XCBuildConfiguration;
			buildSettings = {
				ALWAYS_SEARCH_USER_PATHS = NO;
				CLANG_ANALYZER_NONNULL = YES;
				CLANG_ANALYZER_NUMBER_OBJECT_CONVERSION = YES_AGGRESSIVE;
				CLANG_CXX_LANGUAGE_STANDARD = "gnu++14";
				CLANG_CXX_LIBRARY = "libc++";
				CLANG_ENABLE_MODULES = YES;
				CLANG_ENABLE_OBJC_ARC = YES;
				CLANG_ENABLE_OBJC_WEAK = YES;
				CLANG_WARN_BLOCK_CAPTURE_AUTORELEASING = YES;
				CLANG_WARN_BOOL_CONVERSION = YES;
				CLANG_WARN_COMMA = YES;
				CLANG_WARN_CONSTANT_CONVERSION = YES;
				CLANG_WARN_DEPRECATED_OBJC_IMPLEMENTATIONS = YES;
				CLANG_WARN_DIRECT_OBJC_ISA_USAGE = YES_ERROR;
				CLANG_WARN_DOCUMENTATION_COMMENTS = YES;
				CLANG_WARN_EMPTY_BODY = YES;
				CLANG_WARN_ENUM_CONVERSION = YES;
				CLANG_WARN_INFINITE_RECURSION = YES;
				CLANG_WARN_INT_CONVERSION = YES;
				CLANG_WARN_NON_LITERAL_NULL_CONVERSION = YES;
				CLANG_WARN_OBJC_IMPLICIT_RETAIN_SELF = YES;
				CLANG_WARN_OBJC_LITERAL_CONVERSION = YES;
				CLANG_WARN_OBJC_ROOT_CLASS = YES_ERROR;
				CLANG_WARN_RANGE_LOOP_ANALYSIS = YES;
				CLANG_WARN_STRICT_PROTOTYPES = YES;
				CLANG_WARN_SUSPICIOUS_MOVE = YES;
				CLANG_WARN_UNGUARDED_AVAILABILITY = YES_AGGRESSIVE;
				CLANG_WARN_UNREACHABLE_CODE = YES;
				CLANG_WARN__DUPLICATE_METHOD_MATCH = YES;
				CODE_SIGN_IDENTITY = "Mac Developer";
				COPY_PHASE_STRIP = NO;
				DEBUG_INFORMATION_FORMAT = "dwarf-with-dsym";
				ENABLE_NS_ASSERTIONS = NO;
				ENABLE_STRICT_OBJC_MSGSEND = YES;
				GCC_C_LANGUAGE_STANDARD = gnu11;
				GCC_NO_COMMON_BLOCKS = YES;
				GCC_WARN_64_TO_32_BIT_CONVERSION = YES;
				GCC_WARN_ABOUT_RETURN_TYPE = YES_ERROR;
				GCC_WARN_UNDECLARED_SELECTOR = YES;
				GCC_WARN_UNINITIALIZED_AUTOS = YES_AGGRESSIVE;
				GCC_WARN_UNUSED_FUNCTION = YES;
				GCC_WARN_UNUSED_VARIABLE = YES;
				MACOSX_DEPLOYMENT_TARGET = 10.13;
				MTL_ENABLE_DEBUG_INFO = NO;
				SDKROOT = macosx;
				SWIFT_COMPILATION_MODE = wholemodule;
				SWIFT_OPTIMIZATION_LEVEL = "-O";
			};
			name = Release;
		};
		3A5F13F220FA78BA00A43C21 /* Debug */ = {
			isa = XCBuildConfiguration;
			buildSettings = {
				ASSETCATALOG_COMPILER_APPICON_NAME = AppIcon;
				CODE_SIGN_ENTITLEMENTS = "Tetris/Secret Dad Stuff/Tetris.entitlements";
				CODE_SIGN_STYLE = Automatic;
				COMBINE_HIDPI_IMAGES = YES;
				DEVELOPMENT_TEAM = ACWSMJNE4K;
				INFOPLIST_FILE = "Tetris/Secret Dad Stuff/Info.plist";
				LD_RUNPATH_SEARCH_PATHS = (
					"$(inherited)",
					"@executable_path/../Frameworks",
				);
				PRODUCT_BUNDLE_IDENTIFIER = com.retroactivefiasco.Tetris;
				PRODUCT_NAME = "$(TARGET_NAME)";
				SWIFT_VERSION = 4.0;
			};
			name = Debug;
		};
		3A5F13F320FA78BA00A43C21 /* Release */ = {
			isa = XCBuildConfiguration;
			buildSettings = {
				ASSETCATALOG_COMPILER_APPICON_NAME = AppIcon;
				CODE_SIGN_ENTITLEMENTS = "Tetris/Secret Dad Stuff/Tetris.entitlements";
				CODE_SIGN_STYLE = Automatic;
				COMBINE_HIDPI_IMAGES = YES;
				DEVELOPMENT_TEAM = ACWSMJNE4K;
				INFOPLIST_FILE = "Tetris/Secret Dad Stuff/Info.plist";
				LD_RUNPATH_SEARCH_PATHS = (
					"$(inherited)",
					"@executable_path/../Frameworks",
				);
				PRODUCT_BUNDLE_IDENTIFIER = com.retroactivefiasco.Tetris;
				PRODUCT_NAME = "$(TARGET_NAME)";
				SWIFT_VERSION = 4.0;
			};
			name = Release;
		};
/* End XCBuildConfiguration section */

/* Begin XCConfigurationList section */
		3A5F13D620FA78B900A43C21 /* Build configuration list for PBXProject "Tetris" */ = {
			isa = XCConfigurationList;
			buildConfigurations = (
				3A5F13EF20FA78BA00A43C21 /* Debug */,
				3A5F13F020FA78BA00A43C21 /* Release */,
			);
			defaultConfigurationIsVisible = 0;
			defaultConfigurationName = Release;
		};
		3A5F13F120FA78BA00A43C21 /* Build configuration list for PBXNativeTarget "Tetris" */ = {
			isa = XCConfigurationList;
			buildConfigurations = (
				3A5F13F220FA78BA00A43C21 /* Debug */,
				3A5F13F320FA78BA00A43C21 /* Release */,
			);
			defaultConfigurationIsVisible = 0;
			defaultConfigurationName = Release;
		};
/* End XCConfigurationList section */
	};
	rootObject = 3A5F13D320FA78B900A43C21 /* Project object */;
}
